
Microsoft Visual Studio Solution File, Format Version 12.00
# Visual Studio Version 17
VisualStudioVersion = 17.10.35122.118
MinimumVisualStudioVersion = 10.0.40219.1
Project("{FAE04EC0-301F-11D3-BF4B-00C04F79EFBC}") = "DamageCalculator", "DamageCalculator.csproj", "{641472E5-2624-40E5-822A-0353ACFBBEA9}"
EndProject
Global
	GlobalSection(SolutionConfigurationPlatforms) = preSolution
		Debug|Any CPU = Debug|Any CPU
		Release|Any CPU = Release|Any CPU
	EndGlobalSection
	GlobalSection(ProjectConfigurationPlatforms) = postSolution
		{641472E5-2624-40E5-822A-0353ACFBBEA9}.Debug|Any CPU.ActiveCfg = Debug|Any CPU
		{641472E5-2624-40E5-822A-0353ACFBBEA9}.Debug|Any CPU.Build.0 = Debug|Any CPU
		{641472E5-2624-40E5-822A-0353ACFBBEA9}.Release|Any CPU.ActiveCfg = Release|Any CPU
		{641472E5-2624-40E5-822A-0353ACFBBEA9}.Release|Any CPU.Build.0 = Release|Any CPU
	EndGlobalSection
	GlobalSection(SolutionProperties) = preSolution
		HideSolutionNode = FALSE
	EndGlobalSection
	GlobalSection(ExtensibilityGlobals) = postSolution
		SolutionGuid = {720987A2-3CF0-4533-A3ED-2F964CED49F2}
	EndGlobalSection
EndGlobal
