
Microsoft Visual Studio Solution File, Format Version 12.00
# Visual Studio Version 17
VisualStudioVersion = 17.10.35122.118
MinimumVisualStudioVersion = 10.0.40219.1
Project("{9A19103F-16F7-4668-BE54-9A1E7A4F7556}") = "CasinoApp", "CasinoApp.csproj", "{17A02354-ED2C-4398-ADE0-A133E9490A5D}"
EndProject
Project("{2150E333-8FDC-42A3-9474-1A3956D46DE8}") = "Solution Items", "Solution Items", "{71894C34-B2C9-40E3-B3CE-0E8586D17778}"
EndProject
Global
	GlobalSection(SolutionConfigurationPlatforms) = preSolution
		Debug|Any CPU = Debug|Any CPU
		Release|Any CPU = Release|Any CPU
	EndGlobalSection
	GlobalSection(ProjectConfigurationPlatforms) = postSolution
		{17A02354-ED2C-4398-ADE0-A133E9490A5D}.Debug|Any CPU.ActiveCfg = Debug|Any CPU
		{17A02354-ED2C-4398-ADE0-A133E9490A5D}.Debug|Any CPU.Build.0 = Debug|Any CPU
		{17A02354-ED2C-4398-ADE0-A133E9490A5D}.Release|Any CPU.ActiveCfg = Release|Any CPU
		{17A02354-ED2C-4398-ADE0-A133E9490A5D}.Release|Any CPU.Build.0 = Release|Any CPU
	EndGlobalSection
	GlobalSection(SolutionProperties) = preSolution
		HideSolutionNode = FALSE
	EndGlobalSection
	GlobalSection(ExtensibilityGlobals) = postSolution
		SolutionGuid = {13816730-EB49-401E-AAED-308701C09B31}
	EndGlobalSection
EndGlobal
