
Microsoft Visual Studio Solution File, Format Version 12.00
# Visual Studio Version 17
VisualStudioVersion = 17.10.35122.118
MinimumVisualStudioVersion = 10.0.40219.1
Project("{9A19103F-16F7-4668-BE54-9A1E7A4F7556}") = "Guys", "Guys.csproj", "{5640B2B7-9F93-46B3-BB4F-E0C45D3A782C}"
EndProject
Project("{2150E333-8FDC-42A3-9474-1A3956D46DE8}") = "Solution Items", "Solution Items", "{E75C9663-7281-4FAC-9A91-427B4424B23F}"
	ProjectSection(SolutionItems) = preProject
		Guy.cs = Guy.cs
	EndProjectSection
EndProject
Global
	GlobalSection(SolutionConfigurationPlatforms) = preSolution
		Debug|Any CPU = Debug|Any CPU
		Release|Any CPU = Release|Any CPU
	EndGlobalSection
	GlobalSection(ProjectConfigurationPlatforms) = postSolution
		{5640B2B7-9F93-46B3-BB4F-E0C45D3A782C}.Debug|Any CPU.ActiveCfg = Debug|Any CPU
		{5640B2B7-9F93-46B3-BB4F-E0C45D3A782C}.Debug|Any CPU.Build.0 = Debug|Any CPU
		{5640B2B7-9F93-46B3-BB4F-E0C45D3A782C}.Release|Any CPU.ActiveCfg = Release|Any CPU
		{5640B2B7-9F93-46B3-BB4F-E0C45D3A782C}.Release|Any CPU.Build.0 = Release|Any CPU
	EndGlobalSection
	GlobalSection(SolutionProperties) = preSolution
		HideSolutionNode = FALSE
	EndGlobalSection
	GlobalSection(ExtensibilityGlobals) = postSolution
		SolutionGuid = {007A837C-633C-481F-9859-AF2ECE592C08}
	EndGlobalSection
EndGlobal
