
Microsoft Visual Studio Solution File, Format Version 12.00
# Visual Studio Version 17
VisualStudioVersion = 17.10.35122.118
MinimumVisualStudioVersion = 10.0.40219.1
Project("{FAE04EC0-301F-11D3-BF4B-00C04F79EFBC}") = "ExperimentWithControls", "ExperimentWithControls.csproj", "{ED5CE61E-574D-400D-A4B1-C8BB4726F644}"
EndProject
Global
	GlobalSection(SolutionConfigurationPlatforms) = preSolution
		Debug|Any CPU = Debug|Any CPU
		Release|Any CPU = Release|Any CPU
	EndGlobalSection
	GlobalSection(ProjectConfigurationPlatforms) = postSolution
		{ED5CE61E-574D-400D-A4B1-C8BB4726F644}.Debug|Any CPU.ActiveCfg = Debug|Any CPU
		{ED5CE61E-574D-400D-A4B1-C8BB4726F644}.Debug|Any CPU.Build.0 = Debug|Any CPU
		{ED5CE61E-574D-400D-A4B1-C8BB4726F644}.Debug|Any CPU.Deploy.0 = Debug|Any CPU
		{ED5CE61E-574D-400D-A4B1-C8BB4726F644}.Release|Any CPU.ActiveCfg = Release|Any CPU
		{ED5CE61E-574D-400D-A4B1-C8BB4726F644}.Release|Any CPU.Build.0 = Release|Any CPU
		{ED5CE61E-574D-400D-A4B1-C8BB4726F644}.Release|Any CPU.Deploy.0 = Release|Any CPU
	EndGlobalSection
	GlobalSection(SolutionProperties) = preSolution
		HideSolutionNode = FALSE
	EndGlobalSection
	GlobalSection(ExtensibilityGlobals) = postSolution
		SolutionGuid = {C498C607-CAED-412F-9DAD-DD643D427C1A}
	EndGlobalSection
EndGlobal
